// !$*UTF8*$!
{
	archiveVersion = 1;
	classes = {
	};
	objectVersion = 55;
	objects = {

/* Begin PBXBuildFile section */
		3A4FD2E52761C38F00605B9F /* AppDelegate.swift in Sources */ = {isa = PBXBuildFile; fileRef = 3A4FD2E42761C38F00605B9F /* AppDelegate.swift */; };
		3A4FD2E72761C38F00605B9F /* SceneDelegate.swift in Sources */ = {isa = PBXBuildFile; fileRef = 3A4FD2E62761C38F00605B9F /* SceneDelegate.swift */; };
		3A4FD2E92761C38F00605B9F /* ViewController.swift in Sources */ = {isa = PBXBuildFile; fileRef = 3A4FD2E82761C38F00605B9F /* ViewController.swift */; };
		3A4FD2EC2761C38F00605B9F /* Main.storyboard in Resources */ = {isa = PBXBuildFile; fileRef = 3A4FD2EA2761C38F00605B9F /* Main.storyboard */; };
		3A4FD2EF2761C38F00605B9F /* Time_Visualizer.xcdatamodeld in Sources */ = {isa = PBXBuildFile; fileRef = 3A4FD2ED2761C38F00605B9F /* Time_Visualizer.xcdatamodeld */; };
		3A4FD2F12761C39100605B9F /* Assets.xcassets in Resources */ = {isa = PBXBuildFile; fileRef = 3A4FD2F02761C39100605B9F /* Assets.xcassets */; };
		3A4FD2F42761C39100605B9F /* LaunchScreen.storyboard in Resources */ = {isa = PBXBuildFile; fileRef = 3A4FD2F22761C39100605B9F /* LaunchScreen.storyboard */; };
		3A4FD2FF2761C39100605B9F /* Time_VisualizerTests.swift in Sources */ = {isa = PBXBuildFile; fileRef = 3A4FD2FE2761C39100605B9F /* Time_VisualizerTests.swift */; };
		3A4FD3092761C39100605B9F /* Time_VisualizerUITests.swift in Sources */ = {isa = PBXBuildFile; fileRef = 3A4FD3082761C39100605B9F /* Time_VisualizerUITests.swift */; };
		3A4FD30B2761C39100605B9F /* Time_VisualizerUITestsLaunchTests.swift in Sources */ = {isa = PBXBuildFile; fileRef = 3A4FD30A2761C39100605B9F /* Time_VisualizerUITestsLaunchTests.swift */; };
		3AF00D20276616C70087F566 /* dataViewController.swift in Sources */ = {isa = PBXBuildFile; fileRef = 3AF00D1F276616C70087F566 /* dataViewController.swift */; };
		3AF00D22276616F00087F566 /* keyViewController.swift in Sources */ = {isa = PBXBuildFile; fileRef = 3AF00D21276616F00087F566 /* keyViewController.swift */; };
		3AF00D24276624D20087F566 /* time cell.swift in Sources */ = {isa = PBXBuildFile; fileRef = 3AF00D23276624D20087F566 /* time cell.swift */; };
		3AF00D26276625F10087F566 /* weekcell.swift in Sources */ = {isa = PBXBuildFile; fileRef = 3AF00D25276625F10087F566 /* weekcell.swift */; };
		756598ED71D570C73F27C5B4 /* Pods_Time_Visualizer.framework in Frameworks */ = {isa = PBXBuildFile; fileRef = CC6EBC5A748F62672B094DD3 /* Pods_Time_Visualizer.framework */; };
		B4405A46C0C1A47387113C50 /* Pods_Time_Visualizer_Time_VisualizerUITests.framework in Frameworks */ = {isa = PBXBuildFile; fileRef = 4A5B3A58E15C8FEBA903DF97 /* Pods_Time_Visualizer_Time_VisualizerUITests.framework */; };
		F48BA9410A4D68F54735C481 /* Pods_Time_VisualizerTests.framework in Frameworks */ = {isa = PBXBuildFile; fileRef = 8D3E81B89983155946AA78E2 /* Pods_Time_VisualizerTests.framework */; };
/* End PBXBuildFile section */

/* Begin PBXContainerItemProxy section */
		3A4FD2FB2761C39100605B9F /* PBXContainerItemProxy */ = {
			isa = PBXContainerItemProxy;
			containerPortal = 3A4FD2D92761C38F00605B9F /* Project object */;
			proxyType = 1;
			remoteGlobalIDString = 3A4FD2E02761C38F00605B9F;
			remoteInfo = "Time Visualizer";
		};
		3A4FD3052761C39100605B9F /* PBXContainerItemProxy */ = {
			isa = PBXContainerItemProxy;
			containerPortal = 3A4FD2D92761C38F00605B9F /* Project object */;
			proxyType = 1;
			remoteGlobalIDString = 3A4FD2E02761C38F00605B9F;
			remoteInfo = "Time Visualizer";
		};
/* End PBXContainerItemProxy section */

/* Begin PBXFileReference section */
		3A4FD2E12761C38F00605B9F /* Time Visualizer.app */ = {isa = PBXFileReference; explicitFileType = wrapper.application; includeInIndex = 0; path = "Time Visualizer.app"; sourceTree = BUILT_PRODUCTS_DIR; };
		3A4FD2E42761C38F00605B9F /* AppDelegate.swift */ = {isa = PBXFileReference; lastKnownFileType = sourcecode.swift; path = AppDelegate.swift; sourceTree = "<group>"; };
		3A4FD2E62761C38F00605B9F /* SceneDelegate.swift */ = {isa = PBXFileReference; lastKnownFileType = sourcecode.swift; path = SceneDelegate.swift; sourceTree = "<group>"; };
		3A4FD2E82761C38F00605B9F /* ViewController.swift */ = {isa = PBXFileReference; lastKnownFileType = sourcecode.swift; path = ViewController.swift; sourceTree = "<group>"; };
		3A4FD2EB2761C38F00605B9F /* Base */ = {isa = PBXFileReference; lastKnownFileType = file.storyboard; name = Base; path = Base.lproj/Main.storyboard; sourceTree = "<group>"; };
		3A4FD2EE2761C38F00605B9F /* Time_Visualizer.xcdatamodel */ = {isa = PBXFileReference; lastKnownFileType = wrapper.xcdatamodel; path = Time_Visualizer.xcdatamodel; sourceTree = "<group>"; };
		3A4FD2F02761C39100605B9F /* Assets.xcassets */ = {isa = PBXFileReference; lastKnownFileType = folder.assetcatalog; path = Assets.xcassets; sourceTree = "<group>"; };
		3A4FD2F32761C39100605B9F /* Base */ = {isa = PBXFileReference; lastKnownFileType = file.storyboard; name = Base; path = Base.lproj/LaunchScreen.storyboard; sourceTree = "<group>"; };
		3A4FD2F52761C39100605B9F /* Info.plist */ = {isa = PBXFileReference; lastKnownFileType = text.plist.xml; path = Info.plist; sourceTree = "<group>"; };
		3A4FD2FA2761C39100605B9F /* Time VisualizerTests.xctest */ = {isa = PBXFileReference; explicitFileType = wrapper.cfbundle; includeInIndex = 0; path = "Time VisualizerTests.xctest"; sourceTree = BUILT_PRODUCTS_DIR; };
		3A4FD2FE2761C39100605B9F /* Time_VisualizerTests.swift */ = {isa = PBXFileReference; lastKnownFileType = sourcecode.swift; path = Time_VisualizerTests.swift; sourceTree = "<group>"; };
		3A4FD3042761C39100605B9F /* Time VisualizerUITests.xctest */ = {isa = PBXFileReference; explicitFileType = wrapper.cfbundle; includeInIndex = 0; path = "Time VisualizerUITests.xctest"; sourceTree = BUILT_PRODUCTS_DIR; };
		3A4FD3082761C39100605B9F /* Time_VisualizerUITests.swift */ = {isa = PBXFileReference; lastKnownFileType = sourcecode.swift; path = Time_VisualizerUITests.swift; sourceTree = "<group>"; };
		3A4FD30A2761C39100605B9F /* Time_VisualizerUITestsLaunchTests.swift */ = {isa = PBXFileReference; lastKnownFileType = sourcecode.swift; path = Time_VisualizerUITestsLaunchTests.swift; sourceTree = "<group>"; };
		3AF00D1F276616C70087F566 /* dataViewController.swift */ = {isa = PBXFileReference; lastKnownFileType = sourcecode.swift; path = dataViewController.swift; sourceTree = "<group>"; };
		3AF00D21276616F00087F566 /* keyViewController.swift */ = {isa = PBXFileReference; lastKnownFileType = sourcecode.swift; path = keyViewController.swift; sourceTree = "<group>"; };
		3AF00D23276624D20087F566 /* time cell.swift */ = {isa = PBXFileReference; lastKnownFileType = sourcecode.swift; path = "time cell.swift"; sourceTree = "<group>"; };
		3AF00D25276625F10087F566 /* weekcell.swift */ = {isa = PBXFileReference; lastKnownFileType = sourcecode.swift; path = weekcell.swift; sourceTree = "<group>"; };
		4A5B3A58E15C8FEBA903DF97 /* Pods_Time_Visualizer_Time_VisualizerUITests.framework */ = {isa = PBXFileReference; explicitFileType = wrapper.framework; includeInIndex = 0; path = Pods_Time_Visualizer_Time_VisualizerUITests.framework; sourceTree = BUILT_PRODUCTS_DIR; };
		5C5359EBFE4B43C1C8E56D3F /* Pods-Time Visualizer-Time VisualizerUITests.release.xcconfig */ = {isa = PBXFileReference; includeInIndex = 1; lastKnownFileType = text.xcconfig; name = "Pods-Time Visualizer-Time VisualizerUITests.release.xcconfig"; path = "Target Support Files/Pods-Time Visualizer-Time VisualizerUITests/Pods-Time Visualizer-Time VisualizerUITests.release.xcconfig"; sourceTree = "<group>"; };
		62B5D61A4803FFB0F34C316C /* Pods-Time Visualizer.release.xcconfig */ = {isa = PBXFileReference; includeInIndex = 1; lastKnownFileType = text.xcconfig; name = "Pods-Time Visualizer.release.xcconfig"; path = "Target Support Files/Pods-Time Visualizer/Pods-Time Visualizer.release.xcconfig"; sourceTree = "<group>"; };
		6D112D4A2B86CB8CB7093CEE /* Pods-Time Visualizer-Time VisualizerUITests.debug.xcconfig */ = {isa = PBXFileReference; includeInIndex = 1; lastKnownFileType = text.xcconfig; name = "Pods-Time Visualizer-Time VisualizerUITests.debug.xcconfig"; path = "Target Support Files/Pods-Time Visualizer-Time VisualizerUITests/Pods-Time Visualizer-Time VisualizerUITests.debug.xcconfig"; sourceTree = "<group>"; };
		6D52B3589673AE2A43D3E026 /* Pods-Time VisualizerTests.release.xcconfig */ = {isa = PBXFileReference; includeInIndex = 1; lastKnownFileType = text.xcconfig; name = "Pods-Time VisualizerTests.release.xcconfig"; path = "Target Support Files/Pods-Time VisualizerTests/Pods-Time VisualizerTests.release.xcconfig"; sourceTree = "<group>"; };
		8D3E81B89983155946AA78E2 /* Pods_Time_VisualizerTests.framework */ = {isa = PBXFileReference; explicitFileType = wrapper.framework; includeInIndex = 0; path = Pods_Time_VisualizerTests.framework; sourceTree = BUILT_PRODUCTS_DIR; };
		A47B6914194D05E289FD5AFF /* Pods-Time Visualizer.debug.xcconfig */ = {isa = PBXFileReference; includeInIndex = 1; lastKnownFileType = text.xcconfig; name = "Pods-Time Visualizer.debug.xcconfig"; path = "Target Support Files/Pods-Time Visualizer/Pods-Time Visualizer.debug.xcconfig"; sourceTree = "<group>"; };
		CC6EBC5A748F62672B094DD3 /* Pods_Time_Visualizer.framework */ = {isa = PBXFileReference; explicitFileType = wrapper.framework; includeInIndex = 0; path = Pods_Time_Visualizer.framework; sourceTree = BUILT_PRODUCTS_DIR; };
		D3EC4DA5088DD5104598F404 /* Pods-Time VisualizerTests.debug.xcconfig */ = {isa = PBXFileReference; includeInIndex = 1; lastKnownFileType = text.xcconfig; name = "Pods-Time VisualizerTests.debug.xcconfig"; path = "Target Support Files/Pods-Time VisualizerTests/Pods-Time VisualizerTests.debug.xcconfig"; sourceTree = "<group>"; };
/* End PBXFileReference section */

/* Begin PBXFrameworksBuildPhase section */
		3A4FD2DE2761C38F00605B9F /* Frameworks */ = {
			isa = PBXFrameworksBuildPhase;
			buildActionMask = 2147483647;
			files = (
				756598ED71D570C73F27C5B4 /* Pods_Time_Visualizer.framework in Frameworks */,
			);
			runOnlyForDeploymentPostprocessing = 0;
		};
		3A4FD2F72761C39100605B9F /* Frameworks */ = {
			isa = PBXFrameworksBuildPhase;
			buildActionMask = 2147483647;
			files = (
				F48BA9410A4D68F54735C481 /* Pods_Time_VisualizerTests.framework in Frameworks */,
			);
			runOnlyForDeploymentPostprocessing = 0;
		};
		3A4FD3012761C39100605B9F /* Frameworks */ = {
			isa = PBXFrameworksBuildPhase;
			buildActionMask = 2147483647;
			files = (
				B4405A46C0C1A47387113C50 /* Pods_Time_Visualizer_Time_VisualizerUITests.framework in Frameworks */,
			);
			runOnlyForDeploymentPostprocessing = 0;
		};
/* End PBXFrameworksBuildPhase section */

/* Begin PBXGroup section */
		3A4FD2D82761C38F00605B9F = {
			isa = PBXGroup;
			children = (
				3A4FD2E32761C38F00605B9F /* Time Visualizer */,
				3A4FD2FD2761C39100605B9F /* Time VisualizerTests */,
				3A4FD3072761C39100605B9F /* Time VisualizerUITests */,
				3A4FD2E22761C38F00605B9F /* Products */,
				F07C3C07A15A43D294AF195A /* Pods */,
				5022B19A92C31F36AC5452BE /* Frameworks */,
			);
			sourceTree = "<group>";
		};
		3A4FD2E22761C38F00605B9F /* Products */ = {
			isa = PBXGroup;
			children = (
				3A4FD2E12761C38F00605B9F /* Time Visualizer.app */,
				3A4FD2FA2761C39100605B9F /* Time VisualizerTests.xctest */,
				3A4FD3042761C39100605B9F /* Time VisualizerUITests.xctest */,
			);
			name = Products;
			sourceTree = "<group>";
		};
		3A4FD2E32761C38F00605B9F /* Time Visualizer */ = {
			isa = PBXGroup;
			children = (
				3A4FD2E42761C38F00605B9F /* AppDelegate.swift */,
				3A4FD2E62761C38F00605B9F /* SceneDelegate.swift */,
				3A4FD2E82761C38F00605B9F /* ViewController.swift */,
				3A4FD2EA2761C38F00605B9F /* Main.storyboard */,
				3AF00D25276625F10087F566 /* weekcell.swift */,
				3AF00D23276624D20087F566 /* time cell.swift */,
				3AF00D21276616F00087F566 /* keyViewController.swift */,
				3AF00D1F276616C70087F566 /* dataViewController.swift */,
				3A4FD2F02761C39100605B9F /* Assets.xcassets */,
				3A4FD2F22761C39100605B9F /* LaunchScreen.storyboard */,
				3A4FD2F52761C39100605B9F /* Info.plist */,
				3A4FD2ED2761C38F00605B9F /* Time_Visualizer.xcdatamodeld */,
			);
			path = "Time Visualizer";
			sourceTree = "<group>";
		};
		3A4FD2FD2761C39100605B9F /* Time VisualizerTests */ = {
			isa = PBXGroup;
			children = (
				3A4FD2FE2761C39100605B9F /* Time_VisualizerTests.swift */,
			);
			path = "Time VisualizerTests";
			sourceTree = "<group>";
		};
		3A4FD3072761C39100605B9F /* Time VisualizerUITests */ = {
			isa = PBXGroup;
			children = (
				3A4FD3082761C39100605B9F /* Time_VisualizerUITests.swift */,
				3A4FD30A2761C39100605B9F /* Time_VisualizerUITestsLaunchTests.swift */,
			);
			path = "Time VisualizerUITests";
			sourceTree = "<group>";
		};
		5022B19A92C31F36AC5452BE /* Frameworks */ = {
			isa = PBXGroup;
			children = (
				CC6EBC5A748F62672B094DD3 /* Pods_Time_Visualizer.framework */,
				4A5B3A58E15C8FEBA903DF97 /* Pods_Time_Visualizer_Time_VisualizerUITests.framework */,
				8D3E81B89983155946AA78E2 /* Pods_Time_VisualizerTests.framework */,
			);
			name = Frameworks;
			sourceTree = "<group>";
		};
		F07C3C07A15A43D294AF195A /* Pods */ = {
			isa = PBXGroup;
			children = (
				A47B6914194D05E289FD5AFF /* Pods-Time Visualizer.debug.xcconfig */,
				62B5D61A4803FFB0F34C316C /* Pods-Time Visualizer.release.xcconfig */,
				6D112D4A2B86CB8CB7093CEE /* Pods-Time Visualizer-Time VisualizerUITests.debug.xcconfig */,
				5C5359EBFE4B43C1C8E56D3F /* Pods-Time Visualizer-Time VisualizerUITests.release.xcconfig */,
				D3EC4DA5088DD5104598F404 /* Pods-Time VisualizerTests.debug.xcconfig */,
				6D52B3589673AE2A43D3E026 /* Pods-Time VisualizerTests.release.xcconfig */,
			);
			path = Pods;
			sourceTree = "<group>";
		};
/* End PBXGroup section */

/* Begin PBXNativeTarget section */
		3A4FD2E02761C38F00605B9F /* Time Visualizer */ = {
			isa = PBXNativeTarget;
			buildConfigurationList = 3A4FD30E2761C39100605B9F /* Build configuration list for PBXNativeTarget "Time Visualizer" */;
			buildPhases = (
				68DC7DDF7BDDD57F27EAEDD4 /* [CP] Check Pods Manifest.lock */,
				3A4FD2DD2761C38F00605B9F /* Sources */,
				3A4FD2DE2761C38F00605B9F /* Frameworks */,
				3A4FD2DF2761C38F00605B9F /* Resources */,
				D19448DE09AD7084871B4BD3 /* [CP] Embed Pods Frameworks */,
			);
			buildRules = (
			);
			dependencies = (
			);
			name = "Time Visualizer";
			productName = "Time Visualizer";
			productReference = 3A4FD2E12761C38F00605B9F /* Time Visualizer.app */;
			productType = "com.apple.product-type.application";
		};
		3A4FD2F92761C39100605B9F /* Time VisualizerTests */ = {
			isa = PBXNativeTarget;
			buildConfigurationList = 3A4FD3112761C39100605B9F /* Build configuration list for PBXNativeTarget "Time VisualizerTests" */;
			buildPhases = (
				AF398B071218E227726A7414 /* [CP] Check Pods Manifest.lock */,
				3A4FD2F62761C39100605B9F /* Sources */,
				3A4FD2F72761C39100605B9F /* Frameworks */,
				3A4FD2F82761C39100605B9F /* Resources */,
			);
			buildRules = (
			);
			dependencies = (
				3A4FD2FC2761C39100605B9F /* PBXTargetDependency */,
			);
			name = "Time VisualizerTests";
			productName = "Time VisualizerTests";
			productReference = 3A4FD2FA2761C39100605B9F /* Time VisualizerTests.xctest */;
			productType = "com.apple.product-type.bundle.unit-test";
		};
		3A4FD3032761C39100605B9F /* Time VisualizerUITests */ = {
			isa = PBXNativeTarget;
			buildConfigurationList = 3A4FD3142761C39100605B9F /* Build configuration list for PBXNativeTarget "Time VisualizerUITests" */;
			buildPhases = (
				99DA0E63B87062DB1D6B2DD4 /* [CP] Check Pods Manifest.lock */,
				3A4FD3002761C39100605B9F /* Sources */,
				3A4FD3012761C39100605B9F /* Frameworks */,
				3A4FD3022761C39100605B9F /* Resources */,
				B47A54435BC7FAFFE7DF2754 /* [CP] Embed Pods Frameworks */,
			);
			buildRules = (
			);
			dependencies = (
				3A4FD3062761C39100605B9F /* PBXTargetDependency */,
			);
			name = "Time VisualizerUITests";
			productName = "Time VisualizerUITests";
			productReference = 3A4FD3042761C39100605B9F /* Time VisualizerUITests.xctest */;
			productType = "com.apple.product-type.bundle.ui-testing";
		};
/* End PBXNativeTarget section */

/* Begin PBXProject section */
		3A4FD2D92761C38F00605B9F /* Project object */ = {
			isa = PBXProject;
			attributes = {
				BuildIndependentTargetsInParallel = 1;
				LastSwiftUpdateCheck = 1310;
				LastUpgradeCheck = 1310;
				TargetAttributes = {
					3A4FD2E02761C38F00605B9F = {
						CreatedOnToolsVersion = 13.1;
					};
					3A4FD2F92761C39100605B9F = {
						CreatedOnToolsVersion = 13.1;
						TestTargetID = 3A4FD2E02761C38F00605B9F;
					};
					3A4FD3032761C39100605B9F = {
						CreatedOnToolsVersion = 13.1;
						TestTargetID = 3A4FD2E02761C38F00605B9F;
					};
				};
			};
			buildConfigurationList = 3A4FD2DC2761C38F00605B9F /* Build configuration list for PBXProject "Time Visualizer" */;
			compatibilityVersion = "Xcode 13.0";
			developmentRegion = en;
			hasScannedForEncodings = 0;
			knownRegions = (
				en,
				Base,
			);
			mainGroup = 3A4FD2D82761C38F00605B9F;
			productRefGroup = 3A4FD2E22761C38F00605B9F /* Products */;
			projectDirPath = "";
			projectRoot = "";
			targets = (
				3A4FD2E02761C38F00605B9F /* Time Visualizer */,
				3A4FD2F92761C39100605B9F /* Time VisualizerTests */,
				3A4FD3032761C39100605B9F /* Time VisualizerUITests */,
			);
		};
/* End PBXProject section */

/* Begin PBXResourcesBuildPhase section */
		3A4FD2DF2761C38F00605B9F /* Resources */ = {
			isa = PBXResourcesBuildPhase;
			buildActionMask = 2147483647;
			files = (
				3A4FD2F42761C39100605B9F /* LaunchScreen.storyboard in Resources */,
				3A4FD2F12761C39100605B9F /* Assets.xcassets in Resources */,
				3A4FD2EC2761C38F00605B9F /* Main.storyboard in Resources */,
			);
			runOnlyForDeploymentPostprocessing = 0;
		};
		3A4FD2F82761C39100605B9F /* Resources */ = {
			isa = PBXResourcesBuildPhase;
			buildActionMask = 2147483647;
			files = (
			);
			runOnlyForDeploymentPostprocessing = 0;
		};
		3A4FD3022761C39100605B9F /* Resources */ = {
			isa = PBXResourcesBuildPhase;
			buildActionMask = 2147483647;
			files = (
			);
			runOnlyForDeploymentPostprocessing = 0;
		};
/* End PBXResourcesBuildPhase section */

/* Begin PBXShellScriptBuildPhase section */
		68DC7DDF7BDDD57F27EAEDD4 /* [CP] Check Pods Manifest.lock */ = {
			isa = PBXShellScriptBuildPhase;
			buildActionMask = 2147483647;
			files = (
			);
			inputFileListPaths = (
			);
			inputPaths = (
				"${PODS_PODFILE_DIR_PATH}/Podfile.lock",
				"${PODS_ROOT}/Manifest.lock",
			);
			name = "[CP] Check Pods Manifest.lock";
			outputFileListPaths = (
			);
			outputPaths = (
				"$(DERIVED_FILE_DIR)/Pods-Time Visualizer-checkManifestLockResult.txt",
			);
			runOnlyForDeploymentPostprocessing = 0;
			shellPath = /bin/sh;
			shellScript = "diff \"${PODS_PODFILE_DIR_PATH}/Podfile.lock\" \"${PODS_ROOT}/Manifest.lock\" > /dev/null\nif [ $? != 0 ] ; then\n    # print error to STDERR\n    echo \"error: The sandbox is not in sync with the Podfile.lock. Run 'pod install' or update your CocoaPods installation.\" >&2\n    exit 1\nfi\n# This output is used by Xcode 'outputs' to avoid re-running this script phase.\necho \"SUCCESS\" > \"${SCRIPT_OUTPUT_FILE_0}\"\n";
			showEnvVarsInLog = 0;
		};
		99DA0E63B87062DB1D6B2DD4 /* [CP] Check Pods Manifest.lock */ = {
			isa = PBXShellScriptBuildPhase;
			buildActionMask = 2147483647;
			files = (
			);
			inputFileListPaths = (
			);
			inputPaths = (
				"${PODS_PODFILE_DIR_PATH}/Podfile.lock",
				"${PODS_ROOT}/Manifest.lock",
			);
			name = "[CP] Check Pods Manifest.lock";
			outputFileListPaths = (
			);
			outputPaths = (
				"$(DERIVED_FILE_DIR)/Pods-Time Visualizer-Time VisualizerUITests-checkManifestLockResult.txt",
			);
			runOnlyForDeploymentPostprocessing = 0;
			shellPath = /bin/sh;
			shellScript = "diff \"${PODS_PODFILE_DIR_PATH}/Podfile.lock\" \"${PODS_ROOT}/Manifest.lock\" > /dev/null\nif [ $? != 0 ] ; then\n    # print error to STDERR\n    echo \"error: The sandbox is not in sync with the Podfile.lock. Run 'pod install' or update your CocoaPods installation.\" >&2\n    exit 1\nfi\n# This output is used by Xcode 'outputs' to avoid re-running this script phase.\necho \"SUCCESS\" > \"${SCRIPT_OUTPUT_FILE_0}\"\n";
			showEnvVarsInLog = 0;
		};
		AF398B071218E227726A7414 /* [CP] Check Pods Manifest.lock */ = {
			isa = PBXShellScriptBuildPhase;
			buildActionMask = 2147483647;
			files = (
			);
			inputFileListPaths = (
			);
			inputPaths = (
				"${PODS_PODFILE_DIR_PATH}/Podfile.lock",
				"${PODS_ROOT}/Manifest.lock",
			);
			name = "[CP] Check Pods Manifest.lock";
			outputFileListPaths = (
			);
			outputPaths = (
				"$(DERIVED_FILE_DIR)/Pods-Time VisualizerTests-checkManifestLockResult.txt",
			);
			runOnlyForDeploymentPostprocessing = 0;
			shellPath = /bin/sh;
			shellScript = "diff \"${PODS_PODFILE_DIR_PATH}/Podfile.lock\" \"${PODS_ROOT}/Manifest.lock\" > /dev/null\nif [ $? != 0 ] ; then\n    # print error to STDERR\n    echo \"error: The sandbox is not in sync with the Podfile.lock. Run 'pod install' or update your CocoaPods installation.\" >&2\n    exit 1\nfi\n# This output is used by Xcode 'outputs' to avoid re-running this script phase.\necho \"SUCCESS\" > \"${SCRIPT_OUTPUT_FILE_0}\"\n";
			showEnvVarsInLog = 0;
		};
		B47A54435BC7FAFFE7DF2754 /* [CP] Embed Pods Frameworks */ = {
			isa = PBXShellScriptBuildPhase;
			buildActionMask = 2147483647;
			files = (
			);
			inputFileListPaths = (
				"${PODS_ROOT}/Target Support Files/Pods-Time Visualizer-Time VisualizerUITests/Pods-Time Visualizer-Time VisualizerUITests-frameworks-${CONFIGURATION}-input-files.xcfilelist",
			);
			name = "[CP] Embed Pods Frameworks";
			outputFileListPaths = (
				"${PODS_ROOT}/Target Support Files/Pods-Time Visualizer-Time VisualizerUITests/Pods-Time Visualizer-Time VisualizerUITests-frameworks-${CONFIGURATION}-output-files.xcfilelist",
			);
			runOnlyForDeploymentPostprocessing = 0;
			shellPath = /bin/sh;
			shellScript = "\"${PODS_ROOT}/Target Support Files/Pods-Time Visualizer-Time VisualizerUITests/Pods-Time Visualizer-Time VisualizerUITests-frameworks.sh\"\n";
			showEnvVarsInLog = 0;
		};
		D19448DE09AD7084871B4BD3 /* [CP] Embed Pods Frameworks */ = {
			isa = PBXShellScriptBuildPhase;
			buildActionMask = 2147483647;
			files = (
			);
			inputFileListPaths = (
				"${PODS_ROOT}/Target Support Files/Pods-Time Visualizer/Pods-Time Visualizer-frameworks-${CONFIGURATION}-input-files.xcfilelist",
			);
			name = "[CP] Embed Pods Frameworks";
			outputFileListPaths = (
				"${PODS_ROOT}/Target Support Files/Pods-Time Visualizer/Pods-Time Visualizer-frameworks-${CONFIGURATION}-output-files.xcfilelist",
			);
			runOnlyForDeploymentPostprocessing = 0;
			shellPath = /bin/sh;
			shellScript = "\"${PODS_ROOT}/Target Support Files/Pods-Time Visualizer/Pods-Time Visualizer-frameworks.sh\"\n";
			showEnvVarsInLog = 0;
		};
/* End PBXShellScriptBuildPhase section */

/* Begin PBXSourcesBuildPhase section */
		3A4FD2DD2761C38F00605B9F /* Sources */ = {
			isa = PBXSourcesBuildPhase;
			buildActionMask = 2147483647;
			files = (
				3AF00D20276616C70087F566 /* dataViewController.swift in Sources */,
				3A4FD2EF2761C38F00605B9F /* Time_Visualizer.xcdatamodeld in Sources */,
				3AF00D22276616F00087F566 /* keyViewController.swift in Sources */,
				3A4FD2E92761C38F00605B9F /* ViewController.swift in Sources */,
				3A4FD2E52761C38F00605B9F /* AppDelegate.swift in Sources */,
				3AF00D26276625F10087F566 /* weekcell.swift in Sources */,
				3A4FD2E72761C38F00605B9F /* SceneDelegate.swift in Sources */,
				3AF00D24276624D20087F566 /* time cell.swift in Sources */,
			);
			runOnlyForDeploymentPostprocessing = 0;
		};
		3A4FD2F62761C39100605B9F /* Sources */ = {
			isa = PBXSourcesBuildPhase;
			buildActionMask = 2147483647;
			files = (
				3A4FD2FF2761C39100605B9F /* Time_VisualizerTests.swift in Sources */,
			);
			runOnlyForDeploymentPostprocessing = 0;
		};
		3A4FD3002761C39100605B9F /* Sources */ = {
			isa = PBXSourcesBuildPhase;
			buildActionMask = 2147483647;
			files = (
				3A4FD3092761C39100605B9F /* Time_VisualizerUITests.swift in Sources */,
				3A4FD30B2761C39100605B9F /* Time_VisualizerUITestsLaunchTests.swift in Sources */,
			);
			runOnlyForDeploymentPostprocessing = 0;
		};
/* End PBXSourcesBuildPhase section */

/* Begin PBXTargetDependency section */
		3A4FD2FC2761C39100605B9F /* PBXTargetDependency */ = {
			isa = PBXTargetDependency;
			target = 3A4FD2E02761C38F00605B9F /* Time Visualizer */;
			targetProxy = 3A4FD2FB2761C39100605B9F /* PBXContainerItemProxy */;
		};
		3A4FD3062761C39100605B9F /* PBXTargetDependency */ = {
			isa = PBXTargetDependency;
			target = 3A4FD2E02761C38F00605B9F /* Time Visualizer */;
			targetProxy = 3A4FD3052761C39100605B9F /* PBXContainerItemProxy */;
		};
/* End PBXTargetDependency section */

/* Begin PBXVariantGroup section */
		3A4FD2EA2761C38F00605B9F /* Main.storyboard */ = {
			isa = PBXVariantGroup;
			children = (
				3A4FD2EB2761C38F00605B9F /* Base */,
			);
			name = Main.storyboard;
			sourceTree = "<group>";
		};
		3A4FD2F22761C39100605B9F /* LaunchScreen.storyboard */ = {
			isa = PBXVariantGroup;
			children = (
				3A4FD2F32761C39100605B9F /* Base */,
			);
			name = LaunchScreen.storyboard;
			sourceTree = "<group>";
		};
/* End PBXVariantGroup section */

/* Begin XCBuildConfiguration section */
		3A4FD30C2761C39100605B9F /* Debug */ = {
			isa = XCBuildConfiguration;
			buildSettings = {
				ALWAYS_SEARCH_USER_PATHS = NO;
				CLANG_ANALYZER_NONNULL = YES;
				CLANG_ANALYZER_NUMBER_OBJECT_CONVERSION = YES_AGGRESSIVE;
				CLANG_CXX_LANGUAGE_STANDARD = "gnu++17";
				CLANG_CXX_LIBRARY = "libc++";
				CLANG_ENABLE_MODULES = YES;
				CLANG_ENABLE_OBJC_ARC = YES;
				CLANG_ENABLE_OBJC_WEAK = YES;
				CLANG_WARN_BLOCK_CAPTURE_AUTORELEASING = YES;
				CLANG_WARN_BOOL_CONVERSION = YES;
				CLANG_WARN_COMMA = YES;
				CLANG_WARN_CONSTANT_CONVERSION = YES;
				CLANG_WARN_DEPRECATED_OBJC_IMPLEMENTATIONS = YES;
				CLANG_WARN_DIRECT_OBJC_ISA_USAGE = YES_ERROR;
				CLANG_WARN_DOCUMENTATION_COMMENTS = YES;
				CLANG_WARN_EMPTY_BODY = YES;
				CLANG_WARN_ENUM_CONVERSION = YES;
				CLANG_WARN_INFINITE_RECURSION = YES;
				CLANG_WARN_INT_CONVERSION = YES;
				CLANG_WARN_NON_LITERAL_NULL_CONVERSION = YES;
				CLANG_WARN_OBJC_IMPLICIT_RETAIN_SELF = YES;
				CLANG_WARN_OBJC_LITERAL_CONVERSION = YES;
				CLANG_WARN_OBJC_ROOT_CLASS = YES_ERROR;
				CLANG_WARN_QUOTED_INCLUDE_IN_FRAMEWORK_HEADER = YES;
				CLANG_WARN_RANGE_LOOP_ANALYSIS = YES;
				CLANG_WARN_STRICT_PROTOTYPES = YES;
				CLANG_WARN_SUSPICIOUS_MOVE = YES;
				CLANG_WARN_UNGUARDED_AVAILABILITY = YES_AGGRESSIVE;
				CLANG_WARN_UNREACHABLE_CODE = YES;
				CLANG_WARN__DUPLICATE_METHOD_MATCH = YES;
				COPY_PHASE_STRIP = NO;
				DEBUG_INFORMATION_FORMAT = dwarf;
				ENABLE_STRICT_OBJC_MSGSEND = YES;
				ENABLE_TESTABILITY = YES;
				GCC_C_LANGUAGE_STANDARD = gnu11;
				GCC_DYNAMIC_NO_PIC = NO;
				GCC_NO_COMMON_BLOCKS = YES;
				GCC_OPTIMIZATION_LEVEL = 0;
				GCC_PREPROCESSOR_DEFINITIONS = (
					"DEBUG=1",
					"$(inherited)",
				);
				GCC_WARN_64_TO_32_BIT_CONVERSION = YES;
				GCC_WARN_ABOUT_RETURN_TYPE = YES_ERROR;
				GCC_WARN_UNDECLARED_SELECTOR = YES;
				GCC_WARN_UNINITIALIZED_AUTOS = YES_AGGRESSIVE;
				GCC_WARN_UNUSED_FUNCTION = YES;
				GCC_WARN_UNUSED_VARIABLE = YES;
				IPHONEOS_DEPLOYMENT_TARGET = 15.0;
				MTL_ENABLE_DEBUG_INFO = INCLUDE_SOURCE;
				MTL_FAST_MATH = YES;
				ONLY_ACTIVE_ARCH = YES;
				SDKROOT = iphoneos;
				SWIFT_ACTIVE_COMPILATION_CONDITIONS = DEBUG;
				SWIFT_OPTIMIZATION_LEVEL = "-Onone";
			};
			name = Debug;
		};
		3A4FD30D2761C39100605B9F /* Release */ = {
			isa = XCBuildConfiguration;
			buildSettings = {
				ALWAYS_SEARCH_USER_PATHS = NO;
				CLANG_ANALYZER_NONNULL = YES;
				CLANG_ANALYZER_NUMBER_OBJECT_CONVERSION = YES_AGGRESSIVE;
				CLANG_CXX_LANGUAGE_STANDARD = "gnu++17";
				CLANG_CXX_LIBRARY = "libc++";
				CLANG_ENABLE_MODULES = YES;
				CLANG_ENABLE_OBJC_ARC = YES;
				CLANG_ENABLE_OBJC_WEAK = YES;
				CLANG_WARN_BLOCK_CAPTURE_AUTORELEASING = YES;
				CLANG_WARN_BOOL_CONVERSION = YES;
				CLANG_WARN_COMMA = YES;
				CLANG_WARN_CONSTANT_CONVERSION = YES;
				CLANG_WARN_DEPRECATED_OBJC_IMPLEMENTATIONS = YES;
				CLANG_WARN_DIRECT_OBJC_ISA_USAGE = YES_ERROR;
				CLANG_WARN_DOCUMENTATION_COMMENTS = YES;
				CLANG_WARN_EMPTY_BODY = YES;
				CLANG_WARN_ENUM_CONVERSION = YES;
				CLANG_WARN_INFINITE_RECURSION = YES;
				CLANG_WARN_INT_CONVERSION = YES;
				CLANG_WARN_NON_LITERAL_NULL_CONVERSION = YES;
				CLANG_WARN_OBJC_IMPLICIT_RETAIN_SELF = YES;
				CLANG_WARN_OBJC_LITERAL_CONVERSION = YES;
				CLANG_WARN_OBJC_ROOT_CLASS = YES_ERROR;
				CLANG_WARN_QUOTED_INCLUDE_IN_FRAMEWORK_HEADER = YES;
				CLANG_WARN_RANGE_LOOP_ANALYSIS = YES;
				CLANG_WARN_STRICT_PROTOTYPES = YES;
				CLANG_WARN_SUSPICIOUS_MOVE = YES;
				CLANG_WARN_UNGUARDED_AVAILABILITY = YES_AGGRESSIVE;
				CLANG_WARN_UNREACHABLE_CODE = YES;
				CLANG_WARN__DUPLICATE_METHOD_MATCH = YES;
				COPY_PHASE_STRIP = NO;
				DEBUG_INFORMATION_FORMAT = "dwarf-with-dsym";
				ENABLE_NS_ASSERTIONS = NO;
				ENABLE_STRICT_OBJC_MSGSEND = YES;
				GCC_C_LANGUAGE_STANDARD = gnu11;
				GCC_NO_COMMON_BLOCKS = YES;
				GCC_WARN_64_TO_32_BIT_CONVERSION = YES;
				GCC_WARN_ABOUT_RETURN_TYPE = YES_ERROR;
				GCC_WARN_UNDECLARED_SELECTOR = YES;
				GCC_WARN_UNINITIALIZED_AUTOS = YES_AGGRESSIVE;
				GCC_WARN_UNUSED_FUNCTION = YES;
				GCC_WARN_UNUSED_VARIABLE = YES;
				IPHONEOS_DEPLOYMENT_TARGET = 15.0;
				MTL_ENABLE_DEBUG_INFO = NO;
				MTL_FAST_MATH = YES;
				SDKROOT = iphoneos;
				SWIFT_COMPILATION_MODE = wholemodule;
				SWIFT_OPTIMIZATION_LEVEL = "-O";
				VALIDATE_PRODUCT = YES;
			};
			name = Release;
		};
		3A4FD30F2761C39100605B9F /* Debug */ = {
			isa = XCBuildConfiguration;
			baseConfigurationReference = A47B6914194D05E289FD5AFF /* Pods-Time Visualizer.debug.xcconfig */;
			buildSettings = {
				ASSETCATALOG_COMPILER_APPICON_NAME = AppIcon;
				ASSETCATALOG_COMPILER_GLOBAL_ACCENT_COLOR_NAME = AccentColor;
				CODE_SIGN_STYLE = Automatic;
				CURRENT_PROJECT_VERSION = 1;
				GENERATE_INFOPLIST_FILE = YES;
				INFOPLIST_FILE = "Time Visualizer/Info.plist";
				INFOPLIST_KEY_UIApplicationSupportsIndirectInputEvents = YES;
				INFOPLIST_KEY_UILaunchStoryboardName = LaunchScreen;
				INFOPLIST_KEY_UIMainStoryboardFile = Main;
				INFOPLIST_KEY_UISupportedInterfaceOrientations_iPad = "UIInterfaceOrientationPortrait UIInterfaceOrientationPortraitUpsideDown UIInterfaceOrientationLandscapeLeft UIInterfaceOrientationLandscapeRight";
				INFOPLIST_KEY_UISupportedInterfaceOrientations_iPhone = "UIInterfaceOrientationPortrait UIInterfaceOrientationLandscapeLeft UIInterfaceOrientationLandscapeRight";
				LD_RUNPATH_SEARCH_PATHS = (
					"$(inherited)",
					"@executable_path/Frameworks",
				);
				MARKETING_VERSION = 1.0;
				PRODUCT_BUNDLE_IDENTIFIER = "faisal.Time-Visualizer";
				PRODUCT_NAME = "$(TARGET_NAME)";
				SWIFT_EMIT_LOC_STRINGS = YES;
				SWIFT_VERSION = 5.0;
				TARGETED_DEVICE_FAMILY = "1,2";
			};
			name = Debug;
		};
		3A4FD3102761C39100605B9F /* Release */ = {
			isa = XCBuildConfiguration;
			baseConfigurationReference = 62B5D61A4803FFB0F34C316C /* Pods-Time Visualizer.release.xcconfig */;
			buildSettings = {
				ASSETCATALOG_COMPILER_APPICON_NAME = AppIcon;
				ASSETCATALOG_COMPILER_GLOBAL_ACCENT_COLOR_NAME = AccentColor;
				CODE_SIGN_STYLE = Automatic;
				CURRENT_PROJECT_VERSION = 1;
				GENERATE_INFOPLIST_FILE = YES;
				INFOPLIST_FILE = "Time Visualizer/Info.plist";
				INFOPLIST_KEY_UIApplicationSupportsIndirectInputEvents = YES;
				INFOPLIST_KEY_UILaunchStoryboardName = LaunchScreen;
				INFOPLIST_KEY_UIMainStoryboardFile = Main;
				INFOPLIST_KEY_UISupportedInterfaceOrientations_iPad = "UIInterfaceOrientationPortrait UIInterfaceOrientationPortraitUpsideDown UIInterfaceOrientationLandscapeLeft UIInterfaceOrientationLandscapeRight";
				INFOPLIST_KEY_UISupportedInterfaceOrientations_iPhone = "UIInterfaceOrientationPortrait UIInterfaceOrientationLandscapeLeft UIInterfaceOrientationLandscapeRight";
				LD_RUNPATH_SEARCH_PATHS = (
					"$(inherited)",
					"@executable_path/Frameworks",
				);
				MARKETING_VERSION = 1.0;
				PRODUCT_BUNDLE_IDENTIFIER = "faisal.Time-Visualizer";
				PRODUCT_NAME = "$(TARGET_NAME)";
				SWIFT_EMIT_LOC_STRINGS = YES;
				SWIFT_VERSION = 5.0;
				TARGETED_DEVICE_FAMILY = "1,2";
			};
			name = Release;
		};
		3A4FD3122761C39100605B9F /* Debug */ = {
			isa = XCBuildConfiguration;
			baseConfigurationReference = D3EC4DA5088DD5104598F404 /* Pods-Time VisualizerTests.debug.xcconfig */;
			buildSettings = {
				ALWAYS_EMBED_SWIFT_STANDARD_LIBRARIES = YES;
				BUNDLE_LOADER = "$(TEST_HOST)";
				CODE_SIGN_STYLE = Automatic;
				CURRENT_PROJECT_VERSION = 1;
				GENERATE_INFOPLIST_FILE = YES;
				IPHONEOS_DEPLOYMENT_TARGET = 15.0;
				LD_RUNPATH_SEARCH_PATHS = (
					"$(inherited)",
					"@executable_path/Frameworks",
					"@loader_path/Frameworks",
				);
				MARKETING_VERSION = 1.0;
				PRODUCT_BUNDLE_IDENTIFIER = "faisal.Time-VisualizerTests";
				PRODUCT_NAME = "$(TARGET_NAME)";
				SWIFT_EMIT_LOC_STRINGS = NO;
				SWIFT_VERSION = 5.0;
				TARGETED_DEVICE_FAMILY = "1,2";
				TEST_HOST = "$(BUILT_PRODUCTS_DIR)/Time Visualizer.app/Time Visualizer";
			};
			name = Debug;
		};
		3A4FD3132761C39100605B9F /* Release */ = {
			isa = XCBuildConfiguration;
			baseConfigurationReference = 6D52B3589673AE2A43D3E026 /* Pods-Time VisualizerTests.release.xcconfig */;
			buildSettings = {
				ALWAYS_EMBED_SWIFT_STANDARD_LIBRARIES = YES;
				BUNDLE_LOADER = "$(TEST_HOST)";
				CODE_SIGN_STYLE = Automatic;
				CURRENT_PROJECT_VERSION = 1;
				GENERATE_INFOPLIST_FILE = YES;
				IPHONEOS_DEPLOYMENT_TARGET = 15.0;
				LD_RUNPATH_SEARCH_PATHS = (
					"$(inherited)",
					"@executable_path/Frameworks",
					"@loader_path/Frameworks",
				);
				MARKETING_VERSION = 1.0;
				PRODUCT_BUNDLE_IDENTIFIER = "faisal.Time-VisualizerTests";
				PRODUCT_NAME = "$(TARGET_NAME)";
				SWIFT_EMIT_LOC_STRINGS = NO;
				SWIFT_VERSION = 5.0;
				TARGETED_DEVICE_FAMILY = "1,2";
				TEST_HOST = "$(BUILT_PRODUCTS_DIR)/Time Visualizer.app/Time Visualizer";
			};
			name = Release;
		};
		3A4FD3152761C39100605B9F /* Debug */ = {
			isa = XCBuildConfiguration;
			baseConfigurationReference = 6D112D4A2B86CB8CB7093CEE /* Pods-Time Visualizer-Time VisualizerUITests.debug.xcconfig */;
			buildSettings = {
				ALWAYS_EMBED_SWIFT_STANDARD_LIBRARIES = YES;
				CODE_SIGN_STYLE = Automatic;
				CURRENT_PROJECT_VERSION = 1;
				GENERATE_INFOPLIST_FILE = YES;
				LD_RUNPATH_SEARCH_PATHS = (
					"$(inherited)",
					"@executable_path/Frameworks",
					"@loader_path/Frameworks",
				);
				MARKETING_VERSION = 1.0;
				PRODUCT_BUNDLE_IDENTIFIER = "faisal.Time-VisualizerUITests";
				PRODUCT_NAME = "$(TARGET_NAME)";
				SWIFT_EMIT_LOC_STRINGS = NO;
				SWIFT_VERSION = 5.0;
				TARGETED_DEVICE_FAMILY = "1,2";
				TEST_TARGET_NAME = "Time Visualizer";
			};
			name = Debug;
		};
		3A4FD3162761C39100605B9F /* Release */ = {
			isa = XCBuildConfiguration;
			baseConfigurationReference = 5C5359EBFE4B43C1C8E56D3F /* Pods-Time Visualizer-Time VisualizerUITests.release.xcconfig */;
			buildSettings = {
				ALWAYS_EMBED_SWIFT_STANDARD_LIBRARIES = YES;
				CODE_SIGN_STYLE = Automatic;
				CURRENT_PROJECT_VERSION = 1;
				GENERATE_INFOPLIST_FILE = YES;
				LD_RUNPATH_SEARCH_PATHS = (
					"$(inherited)",
					"@executable_path/Frameworks",
					"@loader_path/Frameworks",
				);
				MARKETING_VERSION = 1.0;
				PRODUCT_BUNDLE_IDENTIFIER = "faisal.Time-VisualizerUITests";
				PRODUCT_NAME = "$(TARGET_NAME)";
				SWIFT_EMIT_LOC_STRINGS = NO;
				SWIFT_VERSION = 5.0;
				TARGETED_DEVICE_FAMILY = "1,2";
				TEST_TARGET_NAME = "Time Visualizer";
			};
			name = Release;
		};
/* End XCBuildConfiguration section */

/* Begin XCConfigurationList section */
		3A4FD2DC2761C38F00605B9F /* Build configuration list for PBXProject "Time Visualizer" */ = {
			isa = XCConfigurationList;
			buildConfigurations = (
				3A4FD30C2761C39100605B9F /* Debug */,
				3A4FD30D2761C39100605B9F /* Release */,
			);
			defaultConfigurationIsVisible = 0;
			defaultConfigurationName = Release;
		};
		3A4FD30E2761C39100605B9F /* Build configuration list for PBXNativeTarget "Time Visualizer" */ = {
			isa = XCConfigurationList;
			buildConfigurations = (
				3A4FD30F2761C39100605B9F /* Debug */,
				3A4FD3102761C39100605B9F /* Release */,
			);
			defaultConfigurationIsVisible = 0;
			defaultConfigurationName = Release;
		};
		3A4FD3112761C39100605B9F /* Build configuration list for PBXNativeTarget "Time VisualizerTests" */ = {
			isa = XCConfigurationList;
			buildConfigurations = (
				3A4FD3122761C39100605B9F /* Debug */,
				3A4FD3132761C39100605B9F /* Release */,
			);
			defaultConfigurationIsVisible = 0;
			defaultConfigurationName = Release;
		};
		3A4FD3142761C39100605B9F /* Build configuration list for PBXNativeTarget "Time VisualizerUITests" */ = {
			isa = XCConfigurationList;
			buildConfigurations = (
				3A4FD3152761C39100605B9F /* Debug */,
				3A4FD3162761C39100605B9F /* Release */,
			);
			defaultConfigurationIsVisible = 0;
			defaultConfigurationName = Release;
		};
/* End XCConfigurationList section */

/* Begin XCVersionGroup section */
		3A4FD2ED2761C38F00605B9F /* Time_Visualizer.xcdatamodeld */ = {
			isa = XCVersionGroup;
			children = (
				3A4FD2EE2761C38F00605B9F /* Time_Visualizer.xcdatamodel */,
			);
			currentVersion = 3A4FD2EE2761C38F00605B9F /* Time_Visualizer.xcdatamodel */;
			path = Time_Visualizer.xcdatamodeld;
			sourceTree = "<group>";
			versionGroupType = wrapper.xcdatamodel;
		};
/* End XCVersionGroup section */
	};
	rootObject = 3A4FD2D92761C38F00605B9F /* Project object */;
}
